
Microsoft Visual Studio Solution File, Format Version 12.00
# Visual Studio Version 16
VisualStudioVersion = 16.0.30907.101
MinimumVisualStudioVersion = 10.0.40219.1
Project("{9A19103F-16F7-4668-BE54-9A1E7A4F7556}") = "Chos5555Bot", "Chos5555Bot\Chos5555Bot.csproj", "{448295D5-7B7C-4BF5-904A-9494D3FC053F}"
EndProject
Project("{2150E333-8FDC-42A3-9474-1A3956D46DE8}") = "Solution Items", "Solution Items", "{817B2AF3-5CA6-4CA4-B16B-58D7E426ED76}"
	ProjectSection(SolutionItems) = preProject
		.editorconfig = .editorconfig
	EndProjectSection
EndProject
Project("{9A19103F-16F7-4668-BE54-9A1E7A4F7556}") = "DAL", "DAL\DAL.csproj", "{32108797-45BF-4BA7-9D1A-F425B23C2CF0}"
EndProject
Project("{FAE04EC0-301F-11D3-BF4B-00C04F79EFBC}") = "Config", "Config\Config.csproj", "{286A4C9A-29D0-4F32-A23D-600F6264D2FA}"
EndProject
Global
	GlobalSection(SolutionConfigurationPlatforms) = preSolution
		Debug|Any CPU = Debug|Any CPU
		Release|Any CPU = Release|Any CPU
	EndGlobalSection
	GlobalSection(ProjectConfigurationPlatforms) = postSolution
		{448295D5-7B7C-4BF5-904A-9494D3FC053F}.Debug|Any CPU.ActiveCfg = Debug|Any CPU
		{448295D5-7B7C-4BF5-904A-9494D3FC053F}.Debug|Any CPU.Build.0 = Debug|Any CPU
		{448295D5-7B7C-4BF5-904A-9494D3FC053F}.Release|Any CPU.ActiveCfg = Release|Any CPU
		{448295D5-7B7C-4BF5-904A-9494D3FC053F}.Release|Any CPU.Build.0 = Release|Any CPU
		{32108797-45BF-4BA7-9D1A-F425B23C2CF0}.Debug|Any CPU.ActiveCfg = Debug|Any CPU
		{32108797-45BF-4BA7-9D1A-F425B23C2CF0}.Debug|Any CPU.Build.0 = Debug|Any CPU
		{32108797-45BF-4BA7-9D1A-F425B23C2CF0}.Release|Any CPU.ActiveCfg = Release|Any CPU
		{32108797-45BF-4BA7-9D1A-F425B23C2CF0}.Release|Any CPU.Build.0 = Release|Any CPU
		{286A4C9A-29D0-4F32-A23D-600F6264D2FA}.Debug|Any CPU.ActiveCfg = Debug|Any CPU
		{286A4C9A-29D0-4F32-A23D-600F6264D2FA}.Debug|Any CPU.Build.0 = Debug|Any CPU
		{286A4C9A-29D0-4F32-A23D-600F6264D2FA}.Release|Any CPU.ActiveCfg = Release|Any CPU
		{286A4C9A-29D0-4F32-A23D-600F6264D2FA}.Release|Any CPU.Build.0 = Release|Any CPU
	EndGlobalSection
	GlobalSection(SolutionProperties) = preSolution
		HideSolutionNode = FALSE
	EndGlobalSection
	GlobalSection(ExtensibilityGlobals) = postSolution
		SolutionGuid = {768CF45A-644E-42A9-8C20-DB0115DAA391}
	EndGlobalSection
EndGlobal
